
Microsoft Visual Studio Solution File, Format Version 12.00
# Visual Studio Version 17
VisualStudioVersion = 17.1.32228.430
MinimumVisualStudioVersion = 10.0.40219.1
Project("{FAE04EC0-301F-11D3-BF4B-00C04F79EFBC}") = "sy1", "sy1\sy1.csproj", "{FA0FBCDD-B0EF-49AB-BB7B-F10C3696A209}"
EndProject
Global
	GlobalSection(SolutionConfigurationPlatforms) = preSolution
		Debug|Any CPU = Debug|Any CPU
		Release|Any CPU = Release|Any CPU
	EndGlobalSection
	GlobalSection(ProjectConfigurationPlatforms) = postSolution
		{FA0FBCDD-B0EF-49AB-BB7B-F10C3696A209}.Debug|Any CPU.ActiveCfg = Debug|Any CPU
		{FA0FBCDD-B0EF-49AB-BB7B-F10C3696A209}.Debug|Any CPU.Build.0 = Debug|Any CPU
		{FA0FBCDD-B0EF-49AB-BB7B-F10C3696A209}.Release|Any CPU.ActiveCfg = Release|Any CPU
		{FA0FBCDD-B0EF-49AB-BB7B-F10C3696A209}.Release|Any CPU.Build.0 = Release|Any CPU
	EndGlobalSection
	GlobalSection(SolutionProperties) = preSolution
		HideSolutionNode = FALSE
	EndGlobalSection
	GlobalSection(ExtensibilityGlobals) = postSolution
		SolutionGuid = {93B12E9F-08F0-4765-BE0C-AA3CC8D5DED4}
	EndGlobalSection
EndGlobal
