
Microsoft Visual Studio Solution File, Format Version 12.00
# Visual Studio Version 17
VisualStudioVersion = 17.1.32228.430
MinimumVisualStudioVersion = 10.0.40219.1
Project("{FAE04EC0-301F-11D3-BF4B-00C04F79EFBC}") = "sy5-2", "sy5-2\sy5-2.csproj", "{743D35FF-F737-4674-984E-C43B413FC94E}"
EndProject
Global
	GlobalSection(SolutionConfigurationPlatforms) = preSolution
		Debug|Any CPU = Debug|Any CPU
		Release|Any CPU = Release|Any CPU
	EndGlobalSection
	GlobalSection(ProjectConfigurationPlatforms) = postSolution
		{743D35FF-F737-4674-984E-C43B413FC94E}.Debug|Any CPU.ActiveCfg = Debug|Any CPU
		{743D35FF-F737-4674-984E-C43B413FC94E}.Debug|Any CPU.Build.0 = Debug|Any CPU
		{743D35FF-F737-4674-984E-C43B413FC94E}.Release|Any CPU.ActiveCfg = Release|Any CPU
		{743D35FF-F737-4674-984E-C43B413FC94E}.Release|Any CPU.Build.0 = Release|Any CPU
	EndGlobalSection
	GlobalSection(SolutionProperties) = preSolution
		HideSolutionNode = FALSE
	EndGlobalSection
	GlobalSection(ExtensibilityGlobals) = postSolution
		SolutionGuid = {953759F9-083F-4210-BF88-EF3FF94A79AB}
	EndGlobalSection
EndGlobal
