
Microsoft Visual Studio Solution File, Format Version 12.00
# Visual Studio 2012
Project("{FAE04EC0-301F-11D3-BF4B-00C04F79EFBC}") = "ch03", "ch03\ch03.csproj", "{2FECCA26-BE2E-479F-A309-641BA91F60D0}"
	ProjectSection(ProjectDependencies) = postProject
		{B4440DA8-3169-4247-8457-E7CE1A483D1D} = {B4440DA8-3169-4247-8457-E7CE1A483D1D}
		{48A832BC-BA3D-4EDB-B3FC-1D7AA2AEA6C8} = {48A832BC-BA3D-4EDB-B3FC-1D7AA2AEA6C8}
	EndProjectSection
EndProject
Project("{FAE04EC0-301F-11D3-BF4B-00C04F79EFBC}") = "MyClassLibrary", "MyClassLibrary\MyClassLibrary.csproj", "{48A832BC-BA3D-4EDB-B3FC-1D7AA2AEA6C8}"
EndProject
Project("{FAE04EC0-301F-11D3-BF4B-00C04F79EFBC}") = "MyConsoleApp", "MyConsoleApp\MyConsoleApp.csproj", "{B4440DA8-3169-4247-8457-E7CE1A483D1D}"
EndProject
Global
	GlobalSection(SolutionConfigurationPlatforms) = preSolution
		Debug|Any CPU = Debug|Any CPU
		Release|Any CPU = Release|Any CPU
	EndGlobalSection
	GlobalSection(ProjectConfigurationPlatforms) = postSolution
		{2FECCA26-BE2E-479F-A309-641BA91F60D0}.Debug|Any CPU.ActiveCfg = Debug|Any CPU
		{2FECCA26-BE2E-479F-A309-641BA91F60D0}.Debug|Any CPU.Build.0 = Debug|Any CPU
		{2FECCA26-BE2E-479F-A309-641BA91F60D0}.Release|Any CPU.ActiveCfg = Release|Any CPU
		{2FECCA26-BE2E-479F-A309-641BA91F60D0}.Release|Any CPU.Build.0 = Release|Any CPU
		{48A832BC-BA3D-4EDB-B3FC-1D7AA2AEA6C8}.Debug|Any CPU.ActiveCfg = Debug|Any CPU
		{48A832BC-BA3D-4EDB-B3FC-1D7AA2AEA6C8}.Debug|Any CPU.Build.0 = Debug|Any CPU
		{48A832BC-BA3D-4EDB-B3FC-1D7AA2AEA6C8}.Release|Any CPU.ActiveCfg = Release|Any CPU
		{48A832BC-BA3D-4EDB-B3FC-1D7AA2AEA6C8}.Release|Any CPU.Build.0 = Release|Any CPU
		{B4440DA8-3169-4247-8457-E7CE1A483D1D}.Debug|Any CPU.ActiveCfg = Debug|Any CPU
		{B4440DA8-3169-4247-8457-E7CE1A483D1D}.Debug|Any CPU.Build.0 = Debug|Any CPU
		{B4440DA8-3169-4247-8457-E7CE1A483D1D}.Release|Any CPU.ActiveCfg = Release|Any CPU
		{B4440DA8-3169-4247-8457-E7CE1A483D1D}.Release|Any CPU.Build.0 = Release|Any CPU
	EndGlobalSection
	GlobalSection(SolutionProperties) = preSolution
		HideSolutionNode = FALSE
	EndGlobalSection
EndGlobal
