
Microsoft Visual Studio Solution File, Format Version 12.00
# Visual Studio Version 17
VisualStudioVersion = 17.1.32228.430
MinimumVisualStudioVersion = 10.0.40219.1
Project("{FAE04EC0-301F-11D3-BF4B-00C04F79EFBC}") = "ServerSocket", "ServerSocket\ServerSocket.csproj", "{A594678B-367A-4DF2-BFA2-10F4E0A6F64C}"
EndProject
Project("{FAE04EC0-301F-11D3-BF4B-00C04F79EFBC}") = "clientSocket", "clientSocket\clientSocket.csproj", "{0FC9EF2D-2DEE-4AF9-8732-A08CC3BDAB8F}"
EndProject
Global
	GlobalSection(SolutionConfigurationPlatforms) = preSolution
		Debug|Any CPU = Debug|Any CPU
		Release|Any CPU = Release|Any CPU
	EndGlobalSection
	GlobalSection(ProjectConfigurationPlatforms) = postSolution
		{A594678B-367A-4DF2-BFA2-10F4E0A6F64C}.Debug|Any CPU.ActiveCfg = Debug|Any CPU
		{A594678B-367A-4DF2-BFA2-10F4E0A6F64C}.Debug|Any CPU.Build.0 = Debug|Any CPU
		{A594678B-367A-4DF2-BFA2-10F4E0A6F64C}.Release|Any CPU.ActiveCfg = Release|Any CPU
		{A594678B-367A-4DF2-BFA2-10F4E0A6F64C}.Release|Any CPU.Build.0 = Release|Any CPU
		{0FC9EF2D-2DEE-4AF9-8732-A08CC3BDAB8F}.Debug|Any CPU.ActiveCfg = Debug|Any CPU
		{0FC9EF2D-2DEE-4AF9-8732-A08CC3BDAB8F}.Debug|Any CPU.Build.0 = Debug|Any CPU
		{0FC9EF2D-2DEE-4AF9-8732-A08CC3BDAB8F}.Release|Any CPU.ActiveCfg = Release|Any CPU
		{0FC9EF2D-2DEE-4AF9-8732-A08CC3BDAB8F}.Release|Any CPU.Build.0 = Release|Any CPU
	EndGlobalSection
	GlobalSection(SolutionProperties) = preSolution
		HideSolutionNode = FALSE
	EndGlobalSection
	GlobalSection(ExtensibilityGlobals) = postSolution
		SolutionGuid = {9C67DC69-9D1C-4A35-A2F8-6A4685866212}
	EndGlobalSection
EndGlobal
