
Microsoft Visual Studio Solution File, Format Version 12.00
# Visual Studio Version 17
VisualStudioVersion = 17.1.32228.430
MinimumVisualStudioVersion = 10.0.40219.1
Project("{FAE04EC0-301F-11D3-BF4B-00C04F79EFBC}") = "sy2", "sy2\sy2.csproj", "{1FDE2B90-65A7-489C-AD7D-173F984D3E41}"
EndProject
Global
	GlobalSection(SolutionConfigurationPlatforms) = preSolution
		Debug|Any CPU = Debug|Any CPU
		Release|Any CPU = Release|Any CPU
	EndGlobalSection
	GlobalSection(ProjectConfigurationPlatforms) = postSolution
		{1FDE2B90-65A7-489C-AD7D-173F984D3E41}.Debug|Any CPU.ActiveCfg = Debug|Any CPU
		{1FDE2B90-65A7-489C-AD7D-173F984D3E41}.Debug|Any CPU.Build.0 = Debug|Any CPU
		{1FDE2B90-65A7-489C-AD7D-173F984D3E41}.Release|Any CPU.ActiveCfg = Release|Any CPU
		{1FDE2B90-65A7-489C-AD7D-173F984D3E41}.Release|Any CPU.Build.0 = Release|Any CPU
	EndGlobalSection
	GlobalSection(SolutionProperties) = preSolution
		HideSolutionNode = FALSE
	EndGlobalSection
	GlobalSection(ExtensibilityGlobals) = postSolution
		SolutionGuid = {88036871-498F-4F53-A3C5-D7CA8D52A139}
	EndGlobalSection
EndGlobal
