
Microsoft Visual Studio Solution File, Format Version 12.00
# Visual Studio 2012
Project("{FAE04EC0-301F-11D3-BF4B-00C04F79EFBC}") = "InkExamples", "InkExamples\InkExamples.csproj", "{3972F732-B9E0-48AF-B0C3-A89EE0A0D27B}"
EndProject
Global
	GlobalSection(SolutionConfigurationPlatforms) = preSolution
		Debug|Any CPU = Debug|Any CPU
		Release|Any CPU = Release|Any CPU
	EndGlobalSection
	GlobalSection(ProjectConfigurationPlatforms) = postSolution
		{3972F732-B9E0-48AF-B0C3-A89EE0A0D27B}.Debug|Any CPU.ActiveCfg = Debug|Any CPU
		{3972F732-B9E0-48AF-B0C3-A89EE0A0D27B}.Debug|Any CPU.Build.0 = Debug|Any CPU
		{3972F732-B9E0-48AF-B0C3-A89EE0A0D27B}.Release|Any CPU.ActiveCfg = Release|Any CPU
		{3972F732-B9E0-48AF-B0C3-A89EE0A0D27B}.Release|Any CPU.Build.0 = Release|Any CPU
	EndGlobalSection
	GlobalSection(SolutionProperties) = preSolution
		HideSolutionNode = FALSE
	EndGlobalSection
EndGlobal
