
Microsoft Visual Studio Solution File, Format Version 12.00
# Visual Studio 2012
Project("{FAE04EC0-301F-11D3-BF4B-00C04F79EFBC}") = "NetTcpClient", "NetTcpClient\NetTcpClient.csproj", "{656C2BA8-8C8D-4A2F-B40D-FECF4EC70E02}"
EndProject
Global
	GlobalSection(SolutionConfigurationPlatforms) = preSolution
		Debug|Any CPU = Debug|Any CPU
		Release|Any CPU = Release|Any CPU
	EndGlobalSection
	GlobalSection(ProjectConfigurationPlatforms) = postSolution
		{656C2BA8-8C8D-4A2F-B40D-FECF4EC70E02}.Debug|Any CPU.ActiveCfg = Debug|Any CPU
		{656C2BA8-8C8D-4A2F-B40D-FECF4EC70E02}.Debug|Any CPU.Build.0 = Debug|Any CPU
		{656C2BA8-8C8D-4A2F-B40D-FECF4EC70E02}.Release|Any CPU.ActiveCfg = Release|Any CPU
		{656C2BA8-8C8D-4A2F-B40D-FECF4EC70E02}.Release|Any CPU.Build.0 = Release|Any CPU
	EndGlobalSection
	GlobalSection(SolutionProperties) = preSolution
		HideSolutionNode = FALSE
	EndGlobalSection
EndGlobal
