
Microsoft Visual Studio Solution File, Format Version 12.00
# Visual Studio Version 17
VisualStudioVersion = 17.1.32228.430
MinimumVisualStudioVersion = 10.0.40219.1
Project("{FAE04EC0-301F-11D3-BF4B-00C04F79EFBC}") = "sy6-2", "sy6-2\sy6-2.csproj", "{F622AF36-59B0-4E7F-AE94-3DC4A81855A8}"
EndProject
Global
	GlobalSection(SolutionConfigurationPlatforms) = preSolution
		Debug|Any CPU = Debug|Any CPU
		Release|Any CPU = Release|Any CPU
	EndGlobalSection
	GlobalSection(ProjectConfigurationPlatforms) = postSolution
		{F622AF36-59B0-4E7F-AE94-3DC4A81855A8}.Debug|Any CPU.ActiveCfg = Debug|Any CPU
		{F622AF36-59B0-4E7F-AE94-3DC4A81855A8}.Debug|Any CPU.Build.0 = Debug|Any CPU
		{F622AF36-59B0-4E7F-AE94-3DC4A81855A8}.Release|Any CPU.ActiveCfg = Release|Any CPU
		{F622AF36-59B0-4E7F-AE94-3DC4A81855A8}.Release|Any CPU.Build.0 = Release|Any CPU
	EndGlobalSection
	GlobalSection(SolutionProperties) = preSolution
		HideSolutionNode = FALSE
	EndGlobalSection
	GlobalSection(ExtensibilityGlobals) = postSolution
		SolutionGuid = {AFEF0DB5-C6F1-4084-9B5C-956FAA99893C}
	EndGlobalSection
EndGlobal
